
Microsoft Visual Studio Solution File, Format Version 12.00
# Visual Studio Version 17
VisualStudioVersion = 17.0.31512.422
MinimumVisualStudioVersion = 10.0.40219.1
Project("{2150E333-8FDC-42A3-9474-1A3956D46DE8}") = "Services", "Services", "{7B5FC042-0CF0-4C3A-95E7-5A958445165E}"
EndProject
Project("{2150E333-8FDC-42A3-9474-1A3956D46DE8}") = "Catalog", "Catalog", "{75B60644-7E19-44BB-8CF8-1774E4C8DE2C}"
EndProject
Project("{FAE04EC0-301F-11D3-BF4B-00C04F79EFBC}") = "Catalog.API", "Services\Catalog\Catalog.API\Catalog.API.csproj", "{552780C5-F144-4450-BF78-ED09BD44BA36}"
EndProject
Global
	GlobalSection(SolutionConfigurationPlatforms) = preSolution
		Debug|Any CPU = Debug|Any CPU
		Release|Any CPU = Release|Any CPU
	EndGlobalSection
	GlobalSection(ProjectConfigurationPlatforms) = postSolution
		{552780C5-F144-4450-BF78-ED09BD44BA36}.Debug|Any CPU.ActiveCfg = Debug|Any CPU
		{552780C5-F144-4450-BF78-ED09BD44BA36}.Debug|Any CPU.Build.0 = Debug|Any CPU
		{552780C5-F144-4450-BF78-ED09BD44BA36}.Release|Any CPU.ActiveCfg = Release|Any CPU
		{552780C5-F144-4450-BF78-ED09BD44BA36}.Release|Any CPU.Build.0 = Release|Any CPU
	EndGlobalSection
	GlobalSection(SolutionProperties) = preSolution
		HideSolutionNode = FALSE
	EndGlobalSection
	GlobalSection(NestedProjects) = preSolution
		{75B60644-7E19-44BB-8CF8-1774E4C8DE2C} = {7B5FC042-0CF0-4C3A-95E7-5A958445165E}
		{552780C5-F144-4450-BF78-ED09BD44BA36} = {75B60644-7E19-44BB-8CF8-1774E4C8DE2C}
	EndGlobalSection
	GlobalSection(ExtensibilityGlobals) = postSolution
		SolutionGuid = {7F8A2940-BA24-4131-924B-0CC389207C8B}
	EndGlobalSection
EndGlobal
