
Microsoft Visual Studio Solution File, Format Version 12.00
# Visual Studio Version 17
VisualStudioVersion = 17.0.31512.422
MinimumVisualStudioVersion = 10.0.40219.1
Project("{2150E333-8FDC-42A3-9474-1A3956D46DE8}") = "Services", "Services", "{7B5FC042-0CF0-4C3A-95E7-5A958445165E}"
EndProject
Project("{2150E333-8FDC-42A3-9474-1A3956D46DE8}") = "Catalog", "Catalog", "{75B60644-7E19-44BB-8CF8-1774E4C8DE2C}"
EndProject
Project("{9A19103F-16F7-4668-BE54-9A1E7A4F7556}") = "Catalog.API", "Services\Catalog\Catalog.API\Catalog.API.csproj", "{552780C5-F144-4450-BF78-ED09BD44BA36}"
EndProject
Project("{2150E333-8FDC-42A3-9474-1A3956D46DE8}") = "DataAccessCore.Catalog.API", "DataAccessCore.Catalog.API", "{9B94A0AD-40FF-4AF7-831E-FF77B7465156}"
EndProject
Project("{9A19103F-16F7-4668-BE54-9A1E7A4F7556}") = "DataAccessCore.Catalog.API", "Services\Catalog\DataAccessCore.Catalog.API\DataAccessCore.Catalog.API\DataAccessCore.Catalog.API.csproj", "{191356A4-9892-4B05-8B61-E0C8000E0836}"
EndProject
Project("{E53339B2-1760-4266-BCC7-CA923CBCF16C}") = "docker-compose", "docker-compose.dcproj", "{97EBFA9E-5F47-4C32-88F9-6C1006CA87C3}"
EndProject
Project("{2150E333-8FDC-42A3-9474-1A3956D46DE8}") = "Basket", "Basket", "{3E0BA3BB-56A2-4064-AF52-C1664314DF6E}"
EndProject
Project("{9A19103F-16F7-4668-BE54-9A1E7A4F7556}") = "Backet.API", "Services\Basket\Backet.API\Backet.API.csproj", "{94C8BFC6-7FA2-45AB-8361-53152B102DC6}"
EndProject
Project("{2150E333-8FDC-42A3-9474-1A3956D46DE8}") = "DataAccessCore.Backet.API", "DataAccessCore.Backet.API", "{9D75999E-F882-4C1C-B7F0-EF56652DB986}"
EndProject
Project("{9A19103F-16F7-4668-BE54-9A1E7A4F7556}") = "DataAccessCore.Backet.API", "Services\Basket\DataAccessCore.Backet.API\DataAccessCore.Backet.API\DataAccessCore.Backet.API.csproj", "{167E95F8-53B1-4556-9438-8D23F7DC611C}"
EndProject
Global
	GlobalSection(SolutionConfigurationPlatforms) = preSolution
		Debug|Any CPU = Debug|Any CPU
		Release|Any CPU = Release|Any CPU
	EndGlobalSection
	GlobalSection(ProjectConfigurationPlatforms) = postSolution
		{552780C5-F144-4450-BF78-ED09BD44BA36}.Debug|Any CPU.ActiveCfg = Debug|Any CPU
		{552780C5-F144-4450-BF78-ED09BD44BA36}.Debug|Any CPU.Build.0 = Debug|Any CPU
		{552780C5-F144-4450-BF78-ED09BD44BA36}.Release|Any CPU.ActiveCfg = Release|Any CPU
		{552780C5-F144-4450-BF78-ED09BD44BA36}.Release|Any CPU.Build.0 = Release|Any CPU
		{191356A4-9892-4B05-8B61-E0C8000E0836}.Debug|Any CPU.ActiveCfg = Debug|Any CPU
		{191356A4-9892-4B05-8B61-E0C8000E0836}.Debug|Any CPU.Build.0 = Debug|Any CPU
		{191356A4-9892-4B05-8B61-E0C8000E0836}.Release|Any CPU.ActiveCfg = Release|Any CPU
		{191356A4-9892-4B05-8B61-E0C8000E0836}.Release|Any CPU.Build.0 = Release|Any CPU
		{97EBFA9E-5F47-4C32-88F9-6C1006CA87C3}.Debug|Any CPU.ActiveCfg = Debug|Any CPU
		{97EBFA9E-5F47-4C32-88F9-6C1006CA87C3}.Debug|Any CPU.Build.0 = Debug|Any CPU
		{97EBFA9E-5F47-4C32-88F9-6C1006CA87C3}.Release|Any CPU.ActiveCfg = Release|Any CPU
		{97EBFA9E-5F47-4C32-88F9-6C1006CA87C3}.Release|Any CPU.Build.0 = Release|Any CPU
		{94C8BFC6-7FA2-45AB-8361-53152B102DC6}.Debug|Any CPU.ActiveCfg = Debug|Any CPU
		{94C8BFC6-7FA2-45AB-8361-53152B102DC6}.Debug|Any CPU.Build.0 = Debug|Any CPU
		{94C8BFC6-7FA2-45AB-8361-53152B102DC6}.Release|Any CPU.ActiveCfg = Release|Any CPU
		{94C8BFC6-7FA2-45AB-8361-53152B102DC6}.Release|Any CPU.Build.0 = Release|Any CPU
		{167E95F8-53B1-4556-9438-8D23F7DC611C}.Debug|Any CPU.ActiveCfg = Debug|Any CPU
		{167E95F8-53B1-4556-9438-8D23F7DC611C}.Debug|Any CPU.Build.0 = Debug|Any CPU
		{167E95F8-53B1-4556-9438-8D23F7DC611C}.Release|Any CPU.ActiveCfg = Release|Any CPU
		{167E95F8-53B1-4556-9438-8D23F7DC611C}.Release|Any CPU.Build.0 = Release|Any CPU
	EndGlobalSection
	GlobalSection(SolutionProperties) = preSolution
		HideSolutionNode = FALSE
	EndGlobalSection
	GlobalSection(NestedProjects) = preSolution
		{75B60644-7E19-44BB-8CF8-1774E4C8DE2C} = {7B5FC042-0CF0-4C3A-95E7-5A958445165E}
		{552780C5-F144-4450-BF78-ED09BD44BA36} = {75B60644-7E19-44BB-8CF8-1774E4C8DE2C}
		{9B94A0AD-40FF-4AF7-831E-FF77B7465156} = {75B60644-7E19-44BB-8CF8-1774E4C8DE2C}
		{191356A4-9892-4B05-8B61-E0C8000E0836} = {9B94A0AD-40FF-4AF7-831E-FF77B7465156}
		{3E0BA3BB-56A2-4064-AF52-C1664314DF6E} = {7B5FC042-0CF0-4C3A-95E7-5A958445165E}
		{94C8BFC6-7FA2-45AB-8361-53152B102DC6} = {3E0BA3BB-56A2-4064-AF52-C1664314DF6E}
		{9D75999E-F882-4C1C-B7F0-EF56652DB986} = {3E0BA3BB-56A2-4064-AF52-C1664314DF6E}
		{167E95F8-53B1-4556-9438-8D23F7DC611C} = {9D75999E-F882-4C1C-B7F0-EF56652DB986}
	EndGlobalSection
	GlobalSection(ExtensibilityGlobals) = postSolution
		SolutionGuid = {7F8A2940-BA24-4131-924B-0CC389207C8B}
	EndGlobalSection
EndGlobal
